// !$*UTF8*$!
{
	archiveVersion = 1;
	classes = {
	};
	objectVersion = 56;
	objects = {

/* Begin PBXBuildFile section */
		67219E522BF2CFA600A3968A /* BettermentApp.swift in Sources */ = {isa = PBXBuildFile; fileRef = 67219E512BF2CFA600A3968A /* BettermentApp.swift */; };
		67219E542BF2CFA600A3968A /* ContentView.swift in Sources */ = {isa = PBXBuildFile; fileRef = 67219E532BF2CFA600A3968A /* ContentView.swift */; };
		67219E562BF2CFA700A3968A /* Assets.xcassets in Resources */ = {isa = PBXBuildFile; fileRef = 67219E552BF2CFA700A3968A /* Assets.xcassets */; };
		67219E592BF2CFA700A3968A /* Preview Assets.xcassets in Resources */ = {isa = PBXBuildFile; fileRef = 67219E582BF2CFA700A3968A /* Preview Assets.xcassets */; };
		67219E622BF2CFE600A3968A /* DateViewModel.swift in Sources */ = {isa = PBXBuildFile; fileRef = 67219E612BF2CFE600A3968A /* DateViewModel.swift */; };
		6754F2B32BF8163800CAFAF1 /* QuoteEngine.swift in Sources */ = {isa = PBXBuildFile; fileRef = 6754F2B22BF8163800CAFAF1 /* QuoteEngine.swift */; };
		6781B52E2BF854EE0038CE4C /* SideMenuView.swift in Sources */ = {isa = PBXBuildFile; fileRef = 6781B52D2BF854EE0038CE4C /* SideMenuView.swift */; };
		67D134772BFAF7F6009C5096 /* AboutView.swift in Sources */ = {isa = PBXBuildFile; fileRef = 67D134762BFAF7F6009C5096 /* AboutView.swift */; };
		67F86BD52C7CDF6600964AEB /* FirebaseAnalytics in Frameworks */ = {isa = PBXBuildFile; productRef = 67F86BD42C7CDF6600964AEB /* FirebaseAnalytics */; };
		67F86BD72C7CDF6600964AEB /* FirebaseAppDistribution-Beta in Frameworks */ = {isa = PBXBuildFile; productRef = 67F86BD62C7CDF6600964AEB /* FirebaseAppDistribution-Beta */; };
		67F86BD92C7CDF6600964AEB /* FirebaseAuth in Frameworks */ = {isa = PBXBuildFile; productRef = 67F86BD82C7CDF6600964AEB /* FirebaseAuth */; };
		67F86BDB2C7CDF6600964AEB /* FirebaseCrashlytics in Frameworks */ = {isa = PBXBuildFile; productRef = 67F86BDA2C7CDF6600964AEB /* FirebaseCrashlytics */; };
		67F86BDD2C7CDF6600964AEB /* FirebaseStorage in Frameworks */ = {isa = PBXBuildFile; productRef = 67F86BDC2C7CDF6600964AEB /* FirebaseStorage */; };
		67F86BDF2C7CDF6600964AEB /* FirebaseStorageCombine-Community in Frameworks */ = {isa = PBXBuildFile; productRef = 67F86BDE2C7CDF6600964AEB /* FirebaseStorageCombine-Community */; };
		67F86BE12C7CDF8100964AEB /* LoginView.swift in Sources */ = {isa = PBXBuildFile; fileRef = 67F86BE02C7CDF8100964AEB /* LoginView.swift */; };
		67F86BE32C7CE07900964AEB /* HomeView.swift in Sources */ = {isa = PBXBuildFile; fileRef = 67F86BE22C7CE07900964AEB /* HomeView.swift */; };
		67FCD49B2C7D252200975DE8 /* GoogleService-Info.plist in Resources */ = {isa = PBXBuildFile; fileRef = 67FCD49A2C7D252200975DE8 /* GoogleService-Info.plist */; };
/* End PBXBuildFile section */

/* Begin PBXFileReference section */
		67219E4E2BF2CFA600A3968A /* Betterment.app */ = {isa = PBXFileReference; explicitFileType = wrapper.application; includeInIndex = 0; path = Betterment.app; sourceTree = BUILT_PRODUCTS_DIR; };
		67219E512BF2CFA600A3968A /* BettermentApp.swift */ = {isa = PBXFileReference; lastKnownFileType = sourcecode.swift; path = BettermentApp.swift; sourceTree = "<group>"; };
		67219E532BF2CFA600A3968A /* ContentView.swift */ = {isa = PBXFileReference; lastKnownFileType = sourcecode.swift; path = ContentView.swift; sourceTree = "<group>"; };
		67219E552BF2CFA700A3968A /* Assets.xcassets */ = {isa = PBXFileReference; lastKnownFileType = folder.assetcatalog; path = Assets.xcassets; sourceTree = "<group>"; };
		67219E582BF2CFA700A3968A /* Preview Assets.xcassets */ = {isa = PBXFileReference; lastKnownFileType = folder.assetcatalog; path = "Preview Assets.xcassets"; sourceTree = "<group>"; };
		67219E612BF2CFE600A3968A /* DateViewModel.swift */ = {isa = PBXFileReference; lastKnownFileType = sourcecode.swift; path = DateViewModel.swift; sourceTree = "<group>"; };
		6754F2B22BF8163800CAFAF1 /* QuoteEngine.swift */ = {isa = PBXFileReference; lastKnownFileType = sourcecode.swift; path = QuoteEngine.swift; sourceTree = "<group>"; };
		6781B52D2BF854EE0038CE4C /* SideMenuView.swift */ = {isa = PBXFileReference; lastKnownFileType = sourcecode.swift; path = SideMenuView.swift; sourceTree = "<group>"; };
		6781B52F2BF859150038CE4C /* Betterment.entitlements */ = {isa = PBXFileReference; fileEncoding = 4; lastKnownFileType = text.plist.entitlements; path = Betterment.entitlements; sourceTree = "<group>"; };
		67D134762BFAF7F6009C5096 /* AboutView.swift */ = {isa = PBXFileReference; lastKnownFileType = sourcecode.swift; path = AboutView.swift; sourceTree = "<group>"; };
		67F86BE02C7CDF8100964AEB /* LoginView.swift */ = {isa = PBXFileReference; lastKnownFileType = sourcecode.swift; path = LoginView.swift; sourceTree = "<group>"; };
		67F86BE22C7CE07900964AEB /* HomeView.swift */ = {isa = PBXFileReference; lastKnownFileType = sourcecode.swift; path = HomeView.swift; sourceTree = "<group>"; };
		67FCD49A2C7D252200975DE8 /* GoogleService-Info.plist */ = {isa = PBXFileReference; fileEncoding = 4; lastKnownFileType = text.plist.xml; path = "GoogleService-Info.plist"; sourceTree = "<group>"; };
/* End PBXFileReference section */

/* Begin PBXFrameworksBuildPhase section */
		67219E4B2BF2CFA600A3968A /* Frameworks */ = {
			isa = PBXFrameworksBuildPhase;
			buildActionMask = 2147483647;
			files = (
				67F86BD52C7CDF6600964AEB /* FirebaseAnalytics in Frameworks */,
				67F86BDB2C7CDF6600964AEB /* FirebaseCrashlytics in Frameworks */,
				67F86BD92C7CDF6600964AEB /* FirebaseAuth in Frameworks */,
				67F86BDD2C7CDF6600964AEB /* FirebaseStorage in Frameworks */,
				67F86BDF2C7CDF6600964AEB /* FirebaseStorageCombine-Community in Frameworks */,
				67F86BD72C7CDF6600964AEB /* FirebaseAppDistribution-Beta in Frameworks */,
			);
			runOnlyForDeploymentPostprocessing = 0;
		};
/* End PBXFrameworksBuildPhase section */

/* Begin PBXGroup section */
		67219E452BF2CFA600A3968A = {
			isa = PBXGroup;
			children = (
				67219E502BF2CFA600A3968A /* Betterment */,
				67219E4F2BF2CFA600A3968A /* Products */,
			);
			sourceTree = "<group>";
		};
		67219E4F2BF2CFA600A3968A /* Products */ = {
			isa = PBXGroup;
			children = (
				67219E4E2BF2CFA600A3968A /* Betterment.app */,
			);
			name = Products;
			sourceTree = "<group>";
		};
		67219E502BF2CFA600A3968A /* Betterment */ = {
			isa = PBXGroup;
			children = (
				67FCD49A2C7D252200975DE8 /* GoogleService-Info.plist */,
				67F86BD22C7CDF0E00964AEB /* Other */,
				6781B52F2BF859150038CE4C /* Betterment.entitlements */,
				67F86BD12C7CDEDF00964AEB /* Views */,
				67219E612BF2CFE600A3968A /* DateViewModel.swift */,
				67219E552BF2CFA700A3968A /* Assets.xcassets */,
				67219E572BF2CFA700A3968A /* Preview Content */,
			);
			path = Betterment;
			sourceTree = "<group>";
		};
		67219E572BF2CFA700A3968A /* Preview Content */ = {
			isa = PBXGroup;
			children = (
				67219E582BF2CFA700A3968A /* Preview Assets.xcassets */,
			);
			path = "Preview Content";
			sourceTree = "<group>";
		};
		67F86BD12C7CDEDF00964AEB /* Views */ = {
			isa = PBXGroup;
			children = (
				67D134762BFAF7F6009C5096 /* AboutView.swift */,
				67219E532BF2CFA600A3968A /* ContentView.swift */,
				6781B52D2BF854EE0038CE4C /* SideMenuView.swift */,
				67F86BE02C7CDF8100964AEB /* LoginView.swift */,
				67F86BE22C7CE07900964AEB /* HomeView.swift */,
			);
			path = Views;
			sourceTree = "<group>";
		};
		67F86BD22C7CDF0E00964AEB /* Other */ = {
			isa = PBXGroup;
			children = (
				6754F2B22BF8163800CAFAF1 /* QuoteEngine.swift */,
				67219E512BF2CFA600A3968A /* BettermentApp.swift */,
			);
			path = Other;
			sourceTree = "<group>";
		};
/* End PBXGroup section */

/* Begin PBXNativeTarget section */
		67219E4D2BF2CFA600A3968A /* Betterment */ = {
			isa = PBXNativeTarget;
			buildConfigurationList = 67219E5C2BF2CFA700A3968A /* Build configuration list for PBXNativeTarget "Betterment" */;
			buildPhases = (
				67219E4A2BF2CFA600A3968A /* Sources */,
				67219E4B2BF2CFA600A3968A /* Frameworks */,
				67219E4C2BF2CFA600A3968A /* Resources */,
			);
			buildRules = (
			);
			dependencies = (
			);
			name = Betterment;
			packageProductDependencies = (
				67F86BD42C7CDF6600964AEB /* FirebaseAnalytics */,
				67F86BD62C7CDF6600964AEB /* FirebaseAppDistribution-Beta */,
				67F86BD82C7CDF6600964AEB /* FirebaseAuth */,
				67F86BDA2C7CDF6600964AEB /* FirebaseCrashlytics */,
				67F86BDC2C7CDF6600964AEB /* FirebaseStorage */,
				67F86BDE2C7CDF6600964AEB /* FirebaseStorageCombine-Community */,
			);
			productName = Betterment;
			productReference = 67219E4E2BF2CFA600A3968A /* Betterment.app */;
			productType = "com.apple.product-type.application";
		};
/* End PBXNativeTarget section */

/* Begin PBXProject section */
		67219E462BF2CFA600A3968A /* Project object */ = {
			isa = PBXProject;
			attributes = {
				BuildIndependentTargetsInParallel = 1;
				LastSwiftUpdateCheck = 1530;
				LastUpgradeCheck = 1530;
				TargetAttributes = {
					67219E4D2BF2CFA600A3968A = {
						CreatedOnToolsVersion = 15.3;
					};
				};
			};
			buildConfigurationList = 67219E492BF2CFA600A3968A /* Build configuration list for PBXProject "Betterment" */;
			compatibilityVersion = "Xcode 14.0";
			developmentRegion = en;
			hasScannedForEncodings = 0;
			knownRegions = (
				en,
				Base,
			);
			mainGroup = 67219E452BF2CFA600A3968A;
			packageReferences = (
				67F86BD32C7CDF6600964AEB /* XCRemoteSwiftPackageReference "firebase-ios-sdk" */,
			);
			productRefGroup = 67219E4F2BF2CFA600A3968A /* Products */;
			projectDirPath = "";
			projectRoot = "";
			targets = (
				67219E4D2BF2CFA600A3968A /* Betterment */,
			);
		};
/* End PBXProject section */

/* Begin PBXResourcesBuildPhase section */
		67219E4C2BF2CFA600A3968A /* Resources */ = {
			isa = PBXResourcesBuildPhase;
			buildActionMask = 2147483647;
			files = (
				67FCD49B2C7D252200975DE8 /* GoogleService-Info.plist in Resources */,
				67219E592BF2CFA700A3968A /* Preview Assets.xcassets in Resources */,
				67219E562BF2CFA700A3968A /* Assets.xcassets in Resources */,
			);
			runOnlyForDeploymentPostprocessing = 0;
		};
/* End PBXResourcesBuildPhase section */

/* Begin PBXSourcesBuildPhase section */
		67219E4A2BF2CFA600A3968A /* Sources */ = {
			isa = PBXSourcesBuildPhase;
			buildActionMask = 2147483647;
			files = (
				6754F2B32BF8163800CAFAF1 /* QuoteEngine.swift in Sources */,
				67F86BE12C7CDF8100964AEB /* LoginView.swift in Sources */,
				67D134772BFAF7F6009C5096 /* AboutView.swift in Sources */,
				67219E622BF2CFE600A3968A /* DateViewModel.swift in Sources */,
				6781B52E2BF854EE0038CE4C /* SideMenuView.swift in Sources */,
				67F86BE32C7CE07900964AEB /* HomeView.swift in Sources */,
				67219E542BF2CFA600A3968A /* ContentView.swift in Sources */,
				67219E522BF2CFA600A3968A /* BettermentApp.swift in Sources */,
			);
			runOnlyForDeploymentPostprocessing = 0;
		};
/* End PBXSourcesBuildPhase section */

/* Begin XCBuildConfiguration section */
		67219E5A2BF2CFA700A3968A /* Debug */ = {
			isa = XCBuildConfiguration;
			buildSettings = {
				ALWAYS_SEARCH_USER_PATHS = NO;
				ASSETCATALOG_COMPILER_GENERATE_SWIFT_ASSET_SYMBOL_EXTENSIONS = YES;
				CLANG_ANALYZER_NONNULL = YES;
				CLANG_ANALYZER_NUMBER_OBJECT_CONVERSION = YES_AGGRESSIVE;
				CLANG_CXX_LANGUAGE_STANDARD = "gnu++20";
				CLANG_ENABLE_MODULES = YES;
				CLANG_ENABLE_OBJC_ARC = YES;
				CLANG_ENABLE_OBJC_WEAK = YES;
				CLANG_WARN_BLOCK_CAPTURE_AUTORELEASING = YES;
				CLANG_WARN_BOOL_CONVERSION = YES;
				CLANG_WARN_COMMA = YES;
				CLANG_WARN_CONSTANT_CONVERSION = YES;
				CLANG_WARN_DEPRECATED_OBJC_IMPLEMENTATIONS = YES;
				CLANG_WARN_DIRECT_OBJC_ISA_USAGE = YES_ERROR;
				CLANG_WARN_DOCUMENTATION_COMMENTS = YES;
				CLANG_WARN_EMPTY_BODY = YES;
				CLANG_WARN_ENUM_CONVERSION = YES;
				CLANG_WARN_INFINITE_RECURSION = YES;
				CLANG_WARN_INT_CONVERSION = YES;
				CLANG_WARN_NON_LITERAL_NULL_CONVERSION = YES;
				CLANG_WARN_OBJC_IMPLICIT_RETAIN_SELF = YES;
				CLANG_WARN_OBJC_LITERAL_CONVERSION = YES;
				CLANG_WARN_OBJC_ROOT_CLASS = YES_ERROR;
				CLANG_WARN_QUOTED_INCLUDE_IN_FRAMEWORK_HEADER = YES;
				CLANG_WARN_RANGE_LOOP_ANALYSIS = YES;
				CLANG_WARN_STRICT_PROTOTYPES = YES;
				CLANG_WARN_SUSPICIOUS_MOVE = YES;
				CLANG_WARN_UNGUARDED_AVAILABILITY = YES_AGGRESSIVE;
				CLANG_WARN_UNREACHABLE_CODE = YES;
				CLANG_WARN__DUPLICATE_METHOD_MATCH = YES;
				COPY_PHASE_STRIP = NO;
				DEBUG_INFORMATION_FORMAT = dwarf;
				ENABLE_STRICT_OBJC_MSGSEND = YES;
				ENABLE_TESTABILITY = YES;
				ENABLE_USER_SCRIPT_SANDBOXING = YES;
				GCC_C_LANGUAGE_STANDARD = gnu17;
				GCC_DYNAMIC_NO_PIC = NO;
				GCC_NO_COMMON_BLOCKS = YES;
				GCC_OPTIMIZATION_LEVEL = 0;
				GCC_PREPROCESSOR_DEFINITIONS = (
					"DEBUG=1",
					"$(inherited)",
				);
				GCC_WARN_64_TO_32_BIT_CONVERSION = YES;
				GCC_WARN_ABOUT_RETURN_TYPE = YES_ERROR;
				GCC_WARN_UNDECLARED_SELECTOR = YES;
				GCC_WARN_UNINITIALIZED_AUTOS = YES_AGGRESSIVE;
				GCC_WARN_UNUSED_FUNCTION = YES;
				GCC_WARN_UNUSED_VARIABLE = YES;
				IPHONEOS_DEPLOYMENT_TARGET = 17.4;
				LOCALIZATION_PREFERS_STRING_CATALOGS = YES;
				MTL_ENABLE_DEBUG_INFO = INCLUDE_SOURCE;
				MTL_FAST_MATH = YES;
				ONLY_ACTIVE_ARCH = YES;
				SDKROOT = iphoneos;
				SWIFT_ACTIVE_COMPILATION_CONDITIONS = "DEBUG $(inherited)";
				SWIFT_OPTIMIZATION_LEVEL = "-Onone";
			};
			name = Debug;
		};
		67219E5B2BF2CFA700A3968A /* Release */ = {
			isa = XCBuildConfiguration;
			buildSettings = {
				ALWAYS_SEARCH_USER_PATHS = NO;
				ASSETCATALOG_COMPILER_GENERATE_SWIFT_ASSET_SYMBOL_EXTENSIONS = YES;
				CLANG_ANALYZER_NONNULL = YES;
				CLANG_ANALYZER_NUMBER_OBJECT_CONVERSION = YES_AGGRESSIVE;
				CLANG_CXX_LANGUAGE_STANDARD = "gnu++20";
				CLANG_ENABLE_MODULES = YES;
				CLANG_ENABLE_OBJC_ARC = YES;
				CLANG_ENABLE_OBJC_WEAK = YES;
				CLANG_WARN_BLOCK_CAPTURE_AUTORELEASING = YES;
				CLANG_WARN_BOOL_CONVERSION = YES;
				CLANG_WARN_COMMA = YES;
				CLANG_WARN_CONSTANT_CONVERSION = YES;
				CLANG_WARN_DEPRECATED_OBJC_IMPLEMENTATIONS = YES;
				CLANG_WARN_DIRECT_OBJC_ISA_USAGE = YES_ERROR;
				CLANG_WARN_DOCUMENTATION_COMMENTS = YES;
				CLANG_WARN_EMPTY_BODY = YES;
				CLANG_WARN_ENUM_CONVERSION = YES;
				CLANG_WARN_INFINITE_RECURSION = YES;
				CLANG_WARN_INT_CONVERSION = YES;
				CLANG_WARN_NON_LITERAL_NULL_CONVERSION = YES;
				CLANG_WARN_OBJC_IMPLICIT_RETAIN_SELF = YES;
				CLANG_WARN_OBJC_LITERAL_CONVERSION = YES;
				CLANG_WARN_OBJC_ROOT_CLASS = YES_ERROR;
				CLANG_WARN_QUOTED_INCLUDE_IN_FRAMEWORK_HEADER = YES;
				CLANG_WARN_RANGE_LOOP_ANALYSIS = YES;
				CLANG_WARN_STRICT_PROTOTYPES = YES;
				CLANG_WARN_SUSPICIOUS_MOVE = YES;
				CLANG_WARN_UNGUARDED_AVAILABILITY = YES_AGGRESSIVE;
				CLANG_WARN_UNREACHABLE_CODE = YES;
				CLANG_WARN__DUPLICATE_METHOD_MATCH = YES;
				COPY_PHASE_STRIP = NO;
				DEBUG_INFORMATION_FORMAT = "dwarf-with-dsym";
				ENABLE_NS_ASSERTIONS = NO;
				ENABLE_STRICT_OBJC_MSGSEND = YES;
				ENABLE_USER_SCRIPT_SANDBOXING = YES;
				GCC_C_LANGUAGE_STANDARD = gnu17;
				GCC_NO_COMMON_BLOCKS = YES;
				GCC_WARN_64_TO_32_BIT_CONVERSION = YES;
				GCC_WARN_ABOUT_RETURN_TYPE = YES_ERROR;
				GCC_WARN_UNDECLARED_SELECTOR = YES;
				GCC_WARN_UNINITIALIZED_AUTOS = YES_AGGRESSIVE;
				GCC_WARN_UNUSED_FUNCTION = YES;
				GCC_WARN_UNUSED_VARIABLE = YES;
				IPHONEOS_DEPLOYMENT_TARGET = 17.4;
				LOCALIZATION_PREFERS_STRING_CATALOGS = YES;
				MTL_ENABLE_DEBUG_INFO = NO;
				MTL_FAST_MATH = YES;
				SDKROOT = iphoneos;
				SWIFT_COMPILATION_MODE = wholemodule;
				VALIDATE_PRODUCT = YES;
			};
			name = Release;
		};
		67219E5D2BF2CFA700A3968A /* Debug */ = {
			isa = XCBuildConfiguration;
			buildSettings = {
				ASSETCATALOG_COMPILER_APPICON_NAME = AppIcon;
				ASSETCATALOG_COMPILER_GLOBAL_ACCENT_COLOR_NAME = AccentColor;
				CODE_SIGN_ENTITLEMENTS = Betterment/Betterment.entitlements;
				CODE_SIGN_STYLE = Automatic;
				CURRENT_PROJECT_VERSION = 1;
				DEVELOPMENT_ASSET_PATHS = "\"Betterment/Preview Content\"";
				DEVELOPMENT_TEAM = KYS955CYLL;
				ENABLE_PREVIEWS = YES;
				GENERATE_INFOPLIST_FILE = YES;
				INFOPLIST_KEY_UIApplicationSceneManifest_Generation = YES;
				INFOPLIST_KEY_UIApplicationSupportsIndirectInputEvents = YES;
				INFOPLIST_KEY_UILaunchScreen_Generation = YES;
				INFOPLIST_KEY_UISupportedInterfaceOrientations_iPad = "UIInterfaceOrientationPortrait UIInterfaceOrientationPortraitUpsideDown UIInterfaceOrientationLandscapeLeft UIInterfaceOrientationLandscapeRight";
				INFOPLIST_KEY_UISupportedInterfaceOrientations_iPhone = "UIInterfaceOrientationPortrait UIInterfaceOrientationLandscapeLeft UIInterfaceOrientationLandscapeRight";
				LD_RUNPATH_SEARCH_PATHS = (
					"$(inherited)",
					"@executable_path/Frameworks",
				);
				MARKETING_VERSION = 1.0;
				PRODUCT_BUNDLE_IDENTIFIER = dev.carsonlark.Betterment;
				PRODUCT_NAME = "$(TARGET_NAME)";
				SWIFT_EMIT_LOC_STRINGS = YES;
				SWIFT_VERSION = 5.0;
				TARGETED_DEVICE_FAMILY = "1,2";
			};
			name = Debug;
		};
		67219E5E2BF2CFA700A3968A /* Release */ = {
			isa = XCBuildConfiguration;
			buildSettings = {
				ASSETCATALOG_COMPILER_APPICON_NAME = AppIcon;
				ASSETCATALOG_COMPILER_GLOBAL_ACCENT_COLOR_NAME = AccentColor;
				CODE_SIGN_ENTITLEMENTS = Betterment/Betterment.entitlements;
				CODE_SIGN_STYLE = Automatic;
				CURRENT_PROJECT_VERSION = 1;
				DEVELOPMENT_ASSET_PATHS = "\"Betterment/Preview Content\"";
				DEVELOPMENT_TEAM = KYS955CYLL;
				ENABLE_PREVIEWS = YES;
				GENERATE_INFOPLIST_FILE = YES;
				INFOPLIST_KEY_UIApplicationSceneManifest_Generation = YES;
				INFOPLIST_KEY_UIApplicationSupportsIndirectInputEvents = YES;
				INFOPLIST_KEY_UILaunchScreen_Generation = YES;
				INFOPLIST_KEY_UISupportedInterfaceOrientations_iPad = "UIInterfaceOrientationPortrait UIInterfaceOrientationPortraitUpsideDown UIInterfaceOrientationLandscapeLeft UIInterfaceOrientationLandscapeRight";
				INFOPLIST_KEY_UISupportedInterfaceOrientations_iPhone = "UIInterfaceOrientationPortrait UIInterfaceOrientationLandscapeLeft UIInterfaceOrientationLandscapeRight";
				LD_RUNPATH_SEARCH_PATHS = (
					"$(inherited)",
					"@executable_path/Frameworks",
				);
				MARKETING_VERSION = 1.0;
				PRODUCT_BUNDLE_IDENTIFIER = dev.carsonlark.Betterment;
				PRODUCT_NAME = "$(TARGET_NAME)";
				SWIFT_EMIT_LOC_STRINGS = YES;
				SWIFT_VERSION = 5.0;
				TARGETED_DEVICE_FAMILY = "1,2";
			};
			name = Release;
		};
/* End XCBuildConfiguration section */

/* Begin XCConfigurationList section */
		67219E492BF2CFA600A3968A /* Build configuration list for PBXProject "Betterment" */ = {
			isa = XCConfigurationList;
			buildConfigurations = (
				67219E5A2BF2CFA700A3968A /* Debug */,
				67219E5B2BF2CFA700A3968A /* Release */,
			);
			defaultConfigurationIsVisible = 0;
			defaultConfigurationName = Release;
		};
		67219E5C2BF2CFA700A3968A /* Build configuration list for PBXNativeTarget "Betterment" */ = {
			isa = XCConfigurationList;
			buildConfigurations = (
				67219E5D2BF2CFA700A3968A /* Debug */,
				67219E5E2BF2CFA700A3968A /* Release */,
			);
			defaultConfigurationIsVisible = 0;
			defaultConfigurationName = Release;
		};
/* End XCConfigurationList section */

/* Begin XCRemoteSwiftPackageReference section */
		67F86BD32C7CDF6600964AEB /* XCRemoteSwiftPackageReference "firebase-ios-sdk" */ = {
			isa = XCRemoteSwiftPackageReference;
			repositoryURL = "https://github.com/firebase/firebase-ios-sdk";
			requirement = {
				kind = upToNextMajorVersion;
				minimumVersion = 11.1.0;
			};
		};
/* End XCRemoteSwiftPackageReference section */

/* Begin XCSwiftPackageProductDependency section */
		67F86BD42C7CDF6600964AEB /* FirebaseAnalytics */ = {
			isa = XCSwiftPackageProductDependency;
			package = 67F86BD32C7CDF6600964AEB /* XCRemoteSwiftPackageReference "firebase-ios-sdk" */;
			productName = FirebaseAnalytics;
		};
		67F86BD62C7CDF6600964AEB /* FirebaseAppDistribution-Beta */ = {
			isa = XCSwiftPackageProductDependency;
			package = 67F86BD32C7CDF6600964AEB /* XCRemoteSwiftPackageReference "firebase-ios-sdk" */;
			productName = "FirebaseAppDistribution-Beta";
		};
		67F86BD82C7CDF6600964AEB /* FirebaseAuth */ = {
			isa = XCSwiftPackageProductDependency;
			package = 67F86BD32C7CDF6600964AEB /* XCRemoteSwiftPackageReference "firebase-ios-sdk" */;
			productName = FirebaseAuth;
		};
		67F86BDA2C7CDF6600964AEB /* FirebaseCrashlytics */ = {
			isa = XCSwiftPackageProductDependency;
			package = 67F86BD32C7CDF6600964AEB /* XCRemoteSwiftPackageReference "firebase-ios-sdk" */;
			productName = FirebaseCrashlytics;
		};
		67F86BDC2C7CDF6600964AEB /* FirebaseStorage */ = {
			isa = XCSwiftPackageProductDependency;
			package = 67F86BD32C7CDF6600964AEB /* XCRemoteSwiftPackageReference "firebase-ios-sdk" */;
			productName = FirebaseStorage;
		};
		67F86BDE2C7CDF6600964AEB /* FirebaseStorageCombine-Community */ = {
			isa = XCSwiftPackageProductDependency;
			package = 67F86BD32C7CDF6600964AEB /* XCRemoteSwiftPackageReference "firebase-ios-sdk" */;
			productName = "FirebaseStorageCombine-Community";
		};
/* End XCSwiftPackageProductDependency section */
	};
	rootObject = 67219E462BF2CFA600A3968A /* Project object */;
}
